{
    "name": "speckit-canvas-designer",
    "lockfileVersion": 3,
    "requires": true,
    "packages": {
        "": {
            "name": "speckit-canvas-designer",
            "dependencies": {
                "acorn": "^8.15.0",
                "es-module-lexer": "^3.0.2"
            }
        },
        "node_modules/acorn": {
            "version": "8.18.0",
            "integrity": "sha1-T68BstbTJr/u2XrqH1IiC19MGUA=",
            "license": "MIT",
            "bin": {
                "acorn": "bin/acorn"
            },
            "engines": {
                "node": ">=0.4.0"
            }
        },
        "node_modules/es-module-lexer": {
            "version": "3.0.2",
            "integrity": "sha1-jMCQl92Aqcu3lDf9QFuTXKx2zaM=",
            "license": "MIT"
        }
    }
}
