{
    "name": "speckit-canvas-designer",
    "lockfileVersion": 3,
    "requires": true,
    "packages": {
        "": {
            "name": "speckit-canvas-designer",
            "dependencies": {
                "es-module-lexer": "^3.0.2"
            }
        },
        "node_modules/es-module-lexer": {
            "version": "3.0.2",
            "resolved": "https://ms-feed-25.pkgs.visualstudio.com/1es-public/_packaging/npm-public/npm/registry/es-module-lexer/-/es-module-lexer-3.0.2.tgz",
            "integrity": "sha1-jMCQl92Aqcu3lDf9QFuTXKx2zaM=",
            "license": "MIT"
        }
    }
}
